
Microsoft Visual Studio Solution File, Format Version 12.00
# Visual Studio Version 17
VisualStudioVersion = 17.1.32210.238
MinimumVisualStudioVersion = 10.0.40219.1
Project("{FAE04EC0-301F-11D3-BF4B-00C04F79EFBC}") = "EnergyRestAPI", "EnergyRestAPI\EnergyRestAPI.csproj", "{60BE6F33-1A12-4E04-8559-580AA322F86F}"
EndProject
Global
	GlobalSection(SolutionConfigurationPlatforms) = preSolution
		Debug|Any CPU = Debug|Any CPU
		Release|Any CPU = Release|Any CPU
	EndGlobalSection
	GlobalSection(ProjectConfigurationPlatforms) = postSolution
		{60BE6F33-1A12-4E04-8559-580AA322F86F}.Debug|Any CPU.ActiveCfg = Debug|Any CPU
		{60BE6F33-1A12-4E04-8559-580AA322F86F}.Debug|Any CPU.Build.0 = Debug|Any CPU
		{60BE6F33-1A12-4E04-8559-580AA322F86F}.Release|Any CPU.ActiveCfg = Release|Any CPU
		{60BE6F33-1A12-4E04-8559-580AA322F86F}.Release|Any CPU.Build.0 = Release|Any CPU
	EndGlobalSection
	GlobalSection(SolutionProperties) = preSolution
		HideSolutionNode = FALSE
	EndGlobalSection
	GlobalSection(ExtensibilityGlobals) = postSolution
		SolutionGuid = {99491C6A-6625-4509-A99A-ACCBAA91801A}
	EndGlobalSection
EndGlobal
